// !$*UTF8*$!
{
	archiveVersion = 1;
	classes = {
	};
	objectVersion = 56;
	objects = {

/* Begin PBXBuildFile section */
		1E07E40A294E0E5700E84BB8 /* AppDelegate.swift in Sources */ = {isa = PBXBuildFile; fileRef = 1E07E409294E0E5700E84BB8 /* AppDelegate.swift */; };
		1E07E40C294E0E5700E84BB8 /* SceneDelegate.swift in Sources */ = {isa = PBXBuildFile; fileRef = 1E07E40B294E0E5700E84BB8 /* SceneDelegate.swift */; };
		1E07E40E294E0E5700E84BB8 /* ViewController.swift in Sources */ = {isa = PBXBuildFile; fileRef = 1E07E40D294E0E5700E84BB8 /* ViewController.swift */; };
		1E07E413294E0E5800E84BB8 /* Assets.xcassets in Resources */ = {isa = PBXBuildFile; fileRef = 1E07E412294E0E5800E84BB8 /* Assets.xcassets */; };
		1E07E416294E0E5800E84BB8 /* LaunchScreen.storyboard in Resources */ = {isa = PBXBuildFile; fileRef = 1E07E414294E0E5800E84BB8 /* LaunchScreen.storyboard */; };
		1E07E427294E103C00E84BB8 /* BaseComponents in Frameworks */ = {isa = PBXBuildFile; productRef = 1E07E426294E103C00E84BB8 /* BaseComponents */; };
		1E07E429294E104000E84BB8 /* DefaultNetworkOperationPackage in Frameworks */ = {isa = PBXBuildFile; productRef = 1E07E428294E104000E84BB8 /* DefaultNetworkOperationPackage */; };
/* End PBXBuildFile section */

/* Begin PBXFileReference section */
		1E07E406294E0E5700E84BB8 /* ForeksTraderCodeCase.app */ = {isa = PBXFileReference; explicitFileType = wrapper.application; includeInIndex = 0; path = ForeksTraderCodeCase.app; sourceTree = BUILT_PRODUCTS_DIR; };
		1E07E409294E0E5700E84BB8 /* AppDelegate.swift */ = {isa = PBXFileReference; lastKnownFileType = sourcecode.swift; path = AppDelegate.swift; sourceTree = "<group>"; };
		1E07E40B294E0E5700E84BB8 /* SceneDelegate.swift */ = {isa = PBXFileReference; lastKnownFileType = sourcecode.swift; path = SceneDelegate.swift; sourceTree = "<group>"; };
		1E07E40D294E0E5700E84BB8 /* ViewController.swift */ = {isa = PBXFileReference; lastKnownFileType = sourcecode.swift; path = ViewController.swift; sourceTree = "<group>"; };
		1E07E412294E0E5800E84BB8 /* Assets.xcassets */ = {isa = PBXFileReference; lastKnownFileType = folder.assetcatalog; path = Assets.xcassets; sourceTree = "<group>"; };
		1E07E415294E0E5800E84BB8 /* Base */ = {isa = PBXFileReference; lastKnownFileType = file.storyboard; name = Base; path = Base.lproj/LaunchScreen.storyboard; sourceTree = "<group>"; };
		1E07E417294E0E5800E84BB8 /* Info.plist */ = {isa = PBXFileReference; lastKnownFileType = text.plist.xml; path = Info.plist; sourceTree = "<group>"; };
		1E07E423294E103100E84BB8 /* DefaultNetworkOperationPackage */ = {isa = PBXFileReference; lastKnownFileType = wrapper; path = DefaultNetworkOperationPackage; sourceTree = "<group>"; };
		1E07E424294E103100E84BB8 /* BaseComponents */ = {isa = PBXFileReference; lastKnownFileType = wrapper; path = BaseComponents; sourceTree = "<group>"; };
/* End PBXFileReference section */

/* Begin PBXFrameworksBuildPhase section */
		1E07E403294E0E5700E84BB8 /* Frameworks */ = {
			isa = PBXFrameworksBuildPhase;
			buildActionMask = 2147483647;
			files = (
				1E07E429294E104000E84BB8 /* DefaultNetworkOperationPackage in Frameworks */,
				1E07E427294E103C00E84BB8 /* BaseComponents in Frameworks */,
			);
			runOnlyForDeploymentPostprocessing = 0;
		};
/* End PBXFrameworksBuildPhase section */

/* Begin PBXGroup section */
		1E07E3FD294E0E5700E84BB8 = {
			isa = PBXGroup;
			children = (
				1E07E422294E100C00E84BB8 /* Packages */,
				1E07E408294E0E5700E84BB8 /* ForeksTraderCodeCase */,
				1E07E407294E0E5700E84BB8 /* Products */,
				1E07E425294E103C00E84BB8 /* Frameworks */,
			);
			sourceTree = "<group>";
		};
		1E07E407294E0E5700E84BB8 /* Products */ = {
			isa = PBXGroup;
			children = (
				1E07E406294E0E5700E84BB8 /* ForeksTraderCodeCase.app */,
			);
			name = Products;
			sourceTree = "<group>";
		};
		1E07E408294E0E5700E84BB8 /* ForeksTraderCodeCase */ = {
			isa = PBXGroup;
			children = (
				1E07E409294E0E5700E84BB8 /* AppDelegate.swift */,
				1E07E40B294E0E5700E84BB8 /* SceneDelegate.swift */,
				1E07E41E294E0ED600E84BB8 /* DataOps */,
				1E07E41D294E0ED200E84BB8 /* Scenes */,
				1E07E412294E0E5800E84BB8 /* Assets.xcassets */,
				1E07E414294E0E5800E84BB8 /* LaunchScreen.storyboard */,
				1E07E417294E0E5800E84BB8 /* Info.plist */,
			);
			path = ForeksTraderCodeCase;
			sourceTree = "<group>";
		};
		1E07E41D294E0ED200E84BB8 /* Scenes */ = {
			isa = PBXGroup;
			children = (
				1E07E40D294E0E5700E84BB8 /* ViewController.swift */,
			);
			path = Scenes;
			sourceTree = "<group>";
		};
		1E07E41E294E0ED600E84BB8 /* DataOps */ = {
			isa = PBXGroup;
			children = (
			);
			path = DataOps;
			sourceTree = "<group>";
		};
		1E07E422294E100C00E84BB8 /* Packages */ = {
			isa = PBXGroup;
			children = (
				1E07E424294E103100E84BB8 /* BaseComponents */,
				1E07E423294E103100E84BB8 /* DefaultNetworkOperationPackage */,
			);
			path = Packages;
			sourceTree = "<group>";
		};
		1E07E425294E103C00E84BB8 /* Frameworks */ = {
			isa = PBXGroup;
			children = (
			);
			name = Frameworks;
			sourceTree = "<group>";
		};
/* End PBXGroup section */

/* Begin PBXNativeTarget section */
		1E07E405294E0E5700E84BB8 /* ForeksTraderCodeCase */ = {
			isa = PBXNativeTarget;
			buildConfigurationList = 1E07E41A294E0E5800E84BB8 /* Build configuration list for PBXNativeTarget "ForeksTraderCodeCase" */;
			buildPhases = (
				1E07E402294E0E5700E84BB8 /* Sources */,
				1E07E403294E0E5700E84BB8 /* Frameworks */,
				1E07E404294E0E5700E84BB8 /* Resources */,
			);
			buildRules = (
			);
			dependencies = (
			);
			name = ForeksTraderCodeCase;
			packageProductDependencies = (
				1E07E426294E103C00E84BB8 /* BaseComponents */,
				1E07E428294E104000E84BB8 /* DefaultNetworkOperationPackage */,
			);
			productName = ForeksTraderCodeCase;
			productReference = 1E07E406294E0E5700E84BB8 /* ForeksTraderCodeCase.app */;
			productType = "com.apple.product-type.application";
		};
/* End PBXNativeTarget section */

/* Begin PBXProject section */
		1E07E3FE294E0E5700E84BB8 /* Project object */ = {
			isa = PBXProject;
			attributes = {
				BuildIndependentTargetsInParallel = 1;
				LastSwiftUpdateCheck = 1410;
				LastUpgradeCheck = 1410;
				TargetAttributes = {
					1E07E405294E0E5700E84BB8 = {
						CreatedOnToolsVersion = 14.1;
					};
				};
			};
			buildConfigurationList = 1E07E401294E0E5700E84BB8 /* Build configuration list for PBXProject "ForeksTraderCodeCase" */;
			compatibilityVersion = "Xcode 14.0";
			developmentRegion = en;
			hasScannedForEncodings = 0;
			knownRegions = (
				en,
				Base,
			);
			mainGroup = 1E07E3FD294E0E5700E84BB8;
			productRefGroup = 1E07E407294E0E5700E84BB8 /* Products */;
			projectDirPath = "";
			projectRoot = "";
			targets = (
				1E07E405294E0E5700E84BB8 /* ForeksTraderCodeCase */,
			);
		};
/* End PBXProject section */

/* Begin PBXResourcesBuildPhase section */
		1E07E404294E0E5700E84BB8 /* Resources */ = {
			isa = PBXResourcesBuildPhase;
			buildActionMask = 2147483647;
			files = (
				1E07E416294E0E5800E84BB8 /* LaunchScreen.storyboard in Resources */,
				1E07E413294E0E5800E84BB8 /* Assets.xcassets in Resources */,
			);
			runOnlyForDeploymentPostprocessing = 0;
		};
/* End PBXResourcesBuildPhase section */

/* Begin PBXSourcesBuildPhase section */
		1E07E402294E0E5700E84BB8 /* Sources */ = {
			isa = PBXSourcesBuildPhase;
			buildActionMask = 2147483647;
			files = (
				1E07E40E294E0E5700E84BB8 /* ViewController.swift in Sources */,
				1E07E40A294E0E5700E84BB8 /* AppDelegate.swift in Sources */,
				1E07E40C294E0E5700E84BB8 /* SceneDelegate.swift in Sources */,
			);
			runOnlyForDeploymentPostprocessing = 0;
		};
/* End PBXSourcesBuildPhase section */

/* Begin PBXVariantGroup section */
		1E07E414294E0E5800E84BB8 /* LaunchScreen.storyboard */ = {
			isa = PBXVariantGroup;
			children = (
				1E07E415294E0E5800E84BB8 /* Base */,
			);
			name = LaunchScreen.storyboard;
			sourceTree = "<group>";
		};
/* End PBXVariantGroup section */

/* Begin XCBuildConfiguration section */
		1E07E418294E0E5800E84BB8 /* Debug */ = {
			isa = XCBuildConfiguration;
			buildSettings = {
				ALWAYS_SEARCH_USER_PATHS = NO;
				CLANG_ANALYZER_NONNULL = YES;
				CLANG_ANALYZER_NUMBER_OBJECT_CONVERSION = YES_AGGRESSIVE;
				CLANG_CXX_LANGUAGE_STANDARD = "gnu++20";
				CLANG_ENABLE_MODULES = YES;
				CLANG_ENABLE_OBJC_ARC = YES;
				CLANG_ENABLE_OBJC_WEAK = YES;
				CLANG_WARN_BLOCK_CAPTURE_AUTORELEASING = YES;
				CLANG_WARN_BOOL_CONVERSION = YES;
				CLANG_WARN_COMMA = YES;
				CLANG_WARN_CONSTANT_CONVERSION = YES;
				CLANG_WARN_DEPRECATED_OBJC_IMPLEMENTATIONS = YES;
				CLANG_WARN_DIRECT_OBJC_ISA_USAGE = YES_ERROR;
				CLANG_WARN_DOCUMENTATION_COMMENTS = YES;
				CLANG_WARN_EMPTY_BODY = YES;
				CLANG_WARN_ENUM_CONVERSION = YES;
				CLANG_WARN_INFINITE_RECURSION = YES;
				CLANG_WARN_INT_CONVERSION = YES;
				CLANG_WARN_NON_LITERAL_NULL_CONVERSION = YES;
				CLANG_WARN_OBJC_IMPLICIT_RETAIN_SELF = YES;
				CLANG_WARN_OBJC_LITERAL_CONVERSION = YES;
				CLANG_WARN_OBJC_ROOT_CLASS = YES_ERROR;
				CLANG_WARN_QUOTED_INCLUDE_IN_FRAMEWORK_HEADER = YES;
				CLANG_WARN_RANGE_LOOP_ANALYSIS = YES;
				CLANG_WARN_STRICT_PROTOTYPES = YES;
				CLANG_WARN_SUSPICIOUS_MOVE = YES;
				CLANG_WARN_UNGUARDED_AVAILABILITY = YES_AGGRESSIVE;
				CLANG_WARN_UNREACHABLE_CODE = YES;
				CLANG_WARN__DUPLICATE_METHOD_MATCH = YES;
				COPY_PHASE_STRIP = NO;
				DEBUG_INFORMATION_FORMAT = dwarf;
				ENABLE_STRICT_OBJC_MSGSEND = YES;
				ENABLE_TESTABILITY = YES;
				GCC_C_LANGUAGE_STANDARD = gnu11;
				GCC_DYNAMIC_NO_PIC = NO;
				GCC_NO_COMMON_BLOCKS = YES;
				GCC_OPTIMIZATION_LEVEL = 0;
				GCC_PREPROCESSOR_DEFINITIONS = (
					"DEBUG=1",
					"$(inherited)",
				);
				GCC_WARN_64_TO_32_BIT_CONVERSION = YES;
				GCC_WARN_ABOUT_RETURN_TYPE = YES_ERROR;
				GCC_WARN_UNDECLARED_SELECTOR = YES;
				GCC_WARN_UNINITIALIZED_AUTOS = YES_AGGRESSIVE;
				GCC_WARN_UNUSED_FUNCTION = YES;
				GCC_WARN_UNUSED_VARIABLE = YES;
				IPHONEOS_DEPLOYMENT_TARGET = 16.1;
				MTL_ENABLE_DEBUG_INFO = INCLUDE_SOURCE;
				MTL_FAST_MATH = YES;
				ONLY_ACTIVE_ARCH = YES;
				SDKROOT = iphoneos;
				SWIFT_ACTIVE_COMPILATION_CONDITIONS = DEBUG;
				SWIFT_OPTIMIZATION_LEVEL = "-Onone";
			};
			name = Debug;
		};
		1E07E419294E0E5800E84BB8 /* Release */ = {
			isa = XCBuildConfiguration;
			buildSettings = {
				ALWAYS_SEARCH_USER_PATHS = NO;
				CLANG_ANALYZER_NONNULL = YES;
				CLANG_ANALYZER_NUMBER_OBJECT_CONVERSION = YES_AGGRESSIVE;
				CLANG_CXX_LANGUAGE_STANDARD = "gnu++20";
				CLANG_ENABLE_MODULES = YES;
				CLANG_ENABLE_OBJC_ARC = YES;
				CLANG_ENABLE_OBJC_WEAK = YES;
				CLANG_WARN_BLOCK_CAPTURE_AUTORELEASING = YES;
				CLANG_WARN_BOOL_CONVERSION = YES;
				CLANG_WARN_COMMA = YES;
				CLANG_WARN_CONSTANT_CONVERSION = YES;
				CLANG_WARN_DEPRECATED_OBJC_IMPLEMENTATIONS = YES;
				CLANG_WARN_DIRECT_OBJC_ISA_USAGE = YES_ERROR;
				CLANG_WARN_DOCUMENTATION_COMMENTS = YES;
				CLANG_WARN_EMPTY_BODY = YES;
				CLANG_WARN_ENUM_CONVERSION = YES;
				CLANG_WARN_INFINITE_RECURSION = YES;
				CLANG_WARN_INT_CONVERSION = YES;
				CLANG_WARN_NON_LITERAL_NULL_CONVERSION = YES;
				CLANG_WARN_OBJC_IMPLICIT_RETAIN_SELF = YES;
				CLANG_WARN_OBJC_LITERAL_CONVERSION = YES;
				CLANG_WARN_OBJC_ROOT_CLASS = YES_ERROR;
				CLANG_WARN_QUOTED_INCLUDE_IN_FRAMEWORK_HEADER = YES;
				CLANG_WARN_RANGE_LOOP_ANALYSIS = YES;
				CLANG_WARN_STRICT_PROTOTYPES = YES;
				CLANG_WARN_SUSPICIOUS_MOVE = YES;
				CLANG_WARN_UNGUARDED_AVAILABILITY = YES_AGGRESSIVE;
				CLANG_WARN_UNREACHABLE_CODE = YES;
				CLANG_WARN__DUPLICATE_METHOD_MATCH = YES;
				COPY_PHASE_STRIP = NO;
				DEBUG_INFORMATION_FORMAT = "dwarf-with-dsym";
				ENABLE_NS_ASSERTIONS = NO;
				ENABLE_STRICT_OBJC_MSGSEND = YES;
				GCC_C_LANGUAGE_STANDARD = gnu11;
				GCC_NO_COMMON_BLOCKS = YES;
				GCC_WARN_64_TO_32_BIT_CONVERSION = YES;
				GCC_WARN_ABOUT_RETURN_TYPE = YES_ERROR;
				GCC_WARN_UNDECLARED_SELECTOR = YES;
				GCC_WARN_UNINITIALIZED_AUTOS = YES_AGGRESSIVE;
				GCC_WARN_UNUSED_FUNCTION = YES;
				GCC_WARN_UNUSED_VARIABLE = YES;
				IPHONEOS_DEPLOYMENT_TARGET = 16.1;
				MTL_ENABLE_DEBUG_INFO = NO;
				MTL_FAST_MATH = YES;
				SDKROOT = iphoneos;
				SWIFT_COMPILATION_MODE = wholemodule;
				SWIFT_OPTIMIZATION_LEVEL = "-O";
				VALIDATE_PRODUCT = YES;
			};
			name = Release;
		};
		1E07E41B294E0E5800E84BB8 /* Debug */ = {
			isa = XCBuildConfiguration;
			buildSettings = {
				ASSETCATALOG_COMPILER_APPICON_NAME = AppIcon;
				ASSETCATALOG_COMPILER_GLOBAL_ACCENT_COLOR_NAME = AccentColor;
				CODE_SIGN_STYLE = Automatic;
				CURRENT_PROJECT_VERSION = 1;
				DEVELOPMENT_TEAM = 7LSPRM5R8H;
				GENERATE_INFOPLIST_FILE = YES;
				INFOPLIST_FILE = ForeksTraderCodeCase/Info.plist;
				INFOPLIST_KEY_UIApplicationSupportsIndirectInputEvents = YES;
				INFOPLIST_KEY_UILaunchStoryboardName = LaunchScreen;
				INFOPLIST_KEY_UISupportedInterfaceOrientations = UIInterfaceOrientationPortrait;
				LD_RUNPATH_SEARCH_PATHS = (
					"$(inherited)",
					"@executable_path/Frameworks",
				);
				MARKETING_VERSION = 1.0;
				PRODUCT_BUNDLE_IDENTIFIER = com.dogukaank.ForeksTraderCodeCase;
				PRODUCT_NAME = "$(TARGET_NAME)";
				SUPPORTED_PLATFORMS = "iphoneos iphonesimulator";
				SUPPORTS_MACCATALYST = NO;
				SUPPORTS_MAC_DESIGNED_FOR_IPHONE_IPAD = NO;
				SWIFT_EMIT_LOC_STRINGS = YES;
				SWIFT_VERSION = 5.0;
				TARGETED_DEVICE_FAMILY = 1;
			};
			name = Debug;
		};
		1E07E41C294E0E5800E84BB8 /* Release */ = {
			isa = XCBuildConfiguration;
			buildSettings = {
				ASSETCATALOG_COMPILER_APPICON_NAME = AppIcon;
				ASSETCATALOG_COMPILER_GLOBAL_ACCENT_COLOR_NAME = AccentColor;
				CODE_SIGN_STYLE = Automatic;
				CURRENT_PROJECT_VERSION = 1;
				DEVELOPMENT_TEAM = 7LSPRM5R8H;
				GENERATE_INFOPLIST_FILE = YES;
				INFOPLIST_FILE = ForeksTraderCodeCase/Info.plist;
				INFOPLIST_KEY_UIApplicationSupportsIndirectInputEvents = YES;
				INFOPLIST_KEY_UILaunchStoryboardName = LaunchScreen;
				INFOPLIST_KEY_UISupportedInterfaceOrientations = UIInterfaceOrientationPortrait;
				LD_RUNPATH_SEARCH_PATHS = (
					"$(inherited)",
					"@executable_path/Frameworks",
				);
				MARKETING_VERSION = 1.0;
				PRODUCT_BUNDLE_IDENTIFIER = com.dogukaank.ForeksTraderCodeCase;
				PRODUCT_NAME = "$(TARGET_NAME)";
				SUPPORTED_PLATFORMS = "iphoneos iphonesimulator";
				SUPPORTS_MACCATALYST = NO;
				SUPPORTS_MAC_DESIGNED_FOR_IPHONE_IPAD = NO;
				SWIFT_EMIT_LOC_STRINGS = YES;
				SWIFT_VERSION = 5.0;
				TARGETED_DEVICE_FAMILY = 1;
			};
			name = Release;
		};
/* End XCBuildConfiguration section */

/* Begin XCConfigurationList section */
		1E07E401294E0E5700E84BB8 /* Build configuration list for PBXProject "ForeksTraderCodeCase" */ = {
			isa = XCConfigurationList;
			buildConfigurations = (
				1E07E418294E0E5800E84BB8 /* Debug */,
				1E07E419294E0E5800E84BB8 /* Release */,
			);
			defaultConfigurationIsVisible = 0;
			defaultConfigurationName = Release;
		};
		1E07E41A294E0E5800E84BB8 /* Build configuration list for PBXNativeTarget "ForeksTraderCodeCase" */ = {
			isa = XCConfigurationList;
			buildConfigurations = (
				1E07E41B294E0E5800E84BB8 /* Debug */,
				1E07E41C294E0E5800E84BB8 /* Release */,
			);
			defaultConfigurationIsVisible = 0;
			defaultConfigurationName = Release;
		};
/* End XCConfigurationList section */

/* Begin XCSwiftPackageProductDependency section */
		1E07E426294E103C00E84BB8 /* BaseComponents */ = {
			isa = XCSwiftPackageProductDependency;
			productName = BaseComponents;
		};
		1E07E428294E104000E84BB8 /* DefaultNetworkOperationPackage */ = {
			isa = XCSwiftPackageProductDependency;
			productName = DefaultNetworkOperationPackage;
		};
/* End XCSwiftPackageProductDependency section */
	};
	rootObject = 1E07E3FE294E0E5700E84BB8 /* Project object */;
}
