// !$*UTF8*$!
{
	archiveVersion = 1;
	classes = {
	};
	objectVersion = 56;
	objects = {

/* Begin PBXBuildFile section */
		1E07E40A294E0E5700E84BB8 /* AppDelegate.swift in Sources */ = {isa = PBXBuildFile; fileRef = 1E07E409294E0E5700E84BB8 /* AppDelegate.swift */; };
		1E07E40C294E0E5700E84BB8 /* SceneDelegate.swift in Sources */ = {isa = PBXBuildFile; fileRef = 1E07E40B294E0E5700E84BB8 /* SceneDelegate.swift */; };
		1E07E40E294E0E5700E84BB8 /* ViewController.swift in Sources */ = {isa = PBXBuildFile; fileRef = 1E07E40D294E0E5700E84BB8 /* ViewController.swift */; };
		1E07E413294E0E5800E84BB8 /* Assets.xcassets in Resources */ = {isa = PBXBuildFile; fileRef = 1E07E412294E0E5800E84BB8 /* Assets.xcassets */; };
		1E07E416294E0E5800E84BB8 /* LaunchScreen.storyboard in Resources */ = {isa = PBXBuildFile; fileRef = 1E07E414294E0E5800E84BB8 /* LaunchScreen.storyboard */; };
		1E07E42C294E10BD00E84BB8 /* StockViewController.swift in Sources */ = {isa = PBXBuildFile; fileRef = 1E07E42B294E10BD00E84BB8 /* StockViewController.swift */; };
		1E07E42F294E10CA00E84BB8 /* StockViewModel.swift in Sources */ = {isa = PBXBuildFile; fileRef = 1E07E42E294E10CA00E84BB8 /* StockViewModel.swift */; };
		1E07E432294E110200E84BB8 /* StockViewBuilder.swift in Sources */ = {isa = PBXBuildFile; fileRef = 1E07E431294E110200E84BB8 /* StockViewBuilder.swift */; };
		1E07E435294E126400E84BB8 /* SettingsServiceProvider.swift in Sources */ = {isa = PBXBuildFile; fileRef = 1E07E434294E126400E84BB8 /* SettingsServiceProvider.swift */; };
		1E07E438294E12DE00E84BB8 /* PageSettingsResponseModel.swift in Sources */ = {isa = PBXBuildFile; fileRef = 1E07E437294E12DE00E84BB8 /* PageSettingsResponseModel.swift */; };
		1E07E43D294E133F00E84BB8 /* EmptyRequestModel.swift in Sources */ = {isa = PBXBuildFile; fileRef = 1E07E43C294E133F00E84BB8 /* EmptyRequestModel.swift */; };
		1E07E441294E13C400E84BB8 /* EndpointManager.swift in Sources */ = {isa = PBXBuildFile; fileRef = 1E07E440294E13C400E84BB8 /* EndpointManager.swift */; };
		1E07E447294E1B8700E84BB8 /* StockRowView.swift in Sources */ = {isa = PBXBuildFile; fileRef = 1E07E446294E1B8700E84BB8 /* StockRowView.swift */; };
		1E07E44C294F41E000E84BB8 /* StockRequestModel.swift in Sources */ = {isa = PBXBuildFile; fileRef = 1E07E44B294F41E000E84BB8 /* StockRequestModel.swift */; };
		1E07E44E294F42C100E84BB8 /* StockServiceProvider.swift in Sources */ = {isa = PBXBuildFile; fileRef = 1E07E44D294F42C100E84BB8 /* StockServiceProvider.swift */; };
		1E07E450294F440E00E84BB8 /* StockResponseModel.swift in Sources */ = {isa = PBXBuildFile; fileRef = 1E07E44F294F440E00E84BB8 /* StockResponseModel.swift */; };
		1E07E453294F45A600E84BB8 /* DataFormatter.swift in Sources */ = {isa = PBXBuildFile; fileRef = 1E07E452294F45A600E84BB8 /* DataFormatter.swift */; };
		1E07E457294F509400E84BB8 /* StocksTableView.swift in Sources */ = {isa = PBXBuildFile; fileRef = 1E07E456294F509400E84BB8 /* StocksTableView.swift */; };
		1E07E459294F513200E84BB8 /* StocksTableViewCell.swift in Sources */ = {isa = PBXBuildFile; fileRef = 1E07E458294F513200E84BB8 /* StocksTableViewCell.swift */; };
		1E5F5B23294F97B6004C196B /* DefaultNetworkOperationPackage in Frameworks */ = {isa = PBXBuildFile; productRef = 1E5F5B22294F97B6004C196B /* DefaultNetworkOperationPackage */; };
		1E5F5B26294F97D2004C196B /* BaseComponents in Frameworks */ = {isa = PBXBuildFile; productRef = 1E5F5B25294F97D2004C196B /* BaseComponents */; };
		1E72F39A294FF6D500BF9B6F /* TextFieldWithPadding.swift in Sources */ = {isa = PBXBuildFile; fileRef = 1E72F399294FF6D500BF9B6F /* TextFieldWithPadding.swift */; };
		1EEB83D7294FAE2200E8C631 /* StocksHeaderView.swift in Sources */ = {isa = PBXBuildFile; fileRef = 1EEB83D6294FAE2200E8C631 /* StocksHeaderView.swift */; };
/* End PBXBuildFile section */

/* Begin PBXFileReference section */
		1E07E406294E0E5700E84BB8 /* ForeksTraderCodeCase.app */ = {isa = PBXFileReference; explicitFileType = wrapper.application; includeInIndex = 0; path = ForeksTraderCodeCase.app; sourceTree = BUILT_PRODUCTS_DIR; };
		1E07E409294E0E5700E84BB8 /* AppDelegate.swift */ = {isa = PBXFileReference; lastKnownFileType = sourcecode.swift; path = AppDelegate.swift; sourceTree = "<group>"; };
		1E07E40B294E0E5700E84BB8 /* SceneDelegate.swift */ = {isa = PBXFileReference; lastKnownFileType = sourcecode.swift; path = SceneDelegate.swift; sourceTree = "<group>"; };
		1E07E40D294E0E5700E84BB8 /* ViewController.swift */ = {isa = PBXFileReference; lastKnownFileType = sourcecode.swift; path = ViewController.swift; sourceTree = "<group>"; };
		1E07E412294E0E5800E84BB8 /* Assets.xcassets */ = {isa = PBXFileReference; lastKnownFileType = folder.assetcatalog; path = Assets.xcassets; sourceTree = "<group>"; };
		1E07E415294E0E5800E84BB8 /* Base */ = {isa = PBXFileReference; lastKnownFileType = file.storyboard; name = Base; path = Base.lproj/LaunchScreen.storyboard; sourceTree = "<group>"; };
		1E07E417294E0E5800E84BB8 /* Info.plist */ = {isa = PBXFileReference; lastKnownFileType = text.plist.xml; path = Info.plist; sourceTree = "<group>"; };
		1E07E42B294E10BD00E84BB8 /* StockViewController.swift */ = {isa = PBXFileReference; lastKnownFileType = sourcecode.swift; path = StockViewController.swift; sourceTree = "<group>"; };
		1E07E42E294E10CA00E84BB8 /* StockViewModel.swift */ = {isa = PBXFileReference; lastKnownFileType = sourcecode.swift; path = StockViewModel.swift; sourceTree = "<group>"; };
		1E07E431294E110200E84BB8 /* StockViewBuilder.swift */ = {isa = PBXFileReference; lastKnownFileType = sourcecode.swift; path = StockViewBuilder.swift; sourceTree = "<group>"; };
		1E07E434294E126400E84BB8 /* SettingsServiceProvider.swift */ = {isa = PBXFileReference; lastKnownFileType = sourcecode.swift; path = SettingsServiceProvider.swift; sourceTree = "<group>"; };
		1E07E437294E12DE00E84BB8 /* PageSettingsResponseModel.swift */ = {isa = PBXFileReference; lastKnownFileType = sourcecode.swift; path = PageSettingsResponseModel.swift; sourceTree = "<group>"; };
		1E07E43C294E133F00E84BB8 /* EmptyRequestModel.swift */ = {isa = PBXFileReference; lastKnownFileType = sourcecode.swift; path = EmptyRequestModel.swift; sourceTree = "<group>"; };
		1E07E440294E13C400E84BB8 /* EndpointManager.swift */ = {isa = PBXFileReference; lastKnownFileType = sourcecode.swift; path = EndpointManager.swift; sourceTree = "<group>"; };
		1E07E446294E1B8700E84BB8 /* StockRowView.swift */ = {isa = PBXFileReference; lastKnownFileType = sourcecode.swift; path = StockRowView.swift; sourceTree = "<group>"; };
		1E07E44B294F41E000E84BB8 /* StockRequestModel.swift */ = {isa = PBXFileReference; lastKnownFileType = sourcecode.swift; path = StockRequestModel.swift; sourceTree = "<group>"; };
		1E07E44D294F42C100E84BB8 /* StockServiceProvider.swift */ = {isa = PBXFileReference; lastKnownFileType = sourcecode.swift; path = StockServiceProvider.swift; sourceTree = "<group>"; };
		1E07E44F294F440E00E84BB8 /* StockResponseModel.swift */ = {isa = PBXFileReference; lastKnownFileType = sourcecode.swift; path = StockResponseModel.swift; sourceTree = "<group>"; };
		1E07E452294F45A600E84BB8 /* DataFormatter.swift */ = {isa = PBXFileReference; lastKnownFileType = sourcecode.swift; path = DataFormatter.swift; sourceTree = "<group>"; };
		1E07E456294F509400E84BB8 /* StocksTableView.swift */ = {isa = PBXFileReference; lastKnownFileType = sourcecode.swift; path = StocksTableView.swift; sourceTree = "<group>"; };
		1E07E458294F513200E84BB8 /* StocksTableViewCell.swift */ = {isa = PBXFileReference; lastKnownFileType = sourcecode.swift; path = StocksTableViewCell.swift; sourceTree = "<group>"; };
		1E72F399294FF6D500BF9B6F /* TextFieldWithPadding.swift */ = {isa = PBXFileReference; lastKnownFileType = sourcecode.swift; path = TextFieldWithPadding.swift; sourceTree = "<group>"; };
		1EEB83D6294FAE2200E8C631 /* StocksHeaderView.swift */ = {isa = PBXFileReference; lastKnownFileType = sourcecode.swift; path = StocksHeaderView.swift; sourceTree = "<group>"; };
/* End PBXFileReference section */

/* Begin PBXFrameworksBuildPhase section */
		1E07E403294E0E5700E84BB8 /* Frameworks */ = {
			isa = PBXFrameworksBuildPhase;
			buildActionMask = 2147483647;
			files = (
				1E5F5B23294F97B6004C196B /* DefaultNetworkOperationPackage in Frameworks */,
				1E5F5B26294F97D2004C196B /* BaseComponents in Frameworks */,
			);
			runOnlyForDeploymentPostprocessing = 0;
		};
/* End PBXFrameworksBuildPhase section */

/* Begin PBXGroup section */
		1E07E3FD294E0E5700E84BB8 = {
			isa = PBXGroup;
			children = (
				1E07E408294E0E5700E84BB8 /* ForeksTraderCodeCase */,
				1E07E407294E0E5700E84BB8 /* Products */,
				1E07E425294E103C00E84BB8 /* Frameworks */,
			);
			sourceTree = "<group>";
		};
		1E07E407294E0E5700E84BB8 /* Products */ = {
			isa = PBXGroup;
			children = (
				1E07E406294E0E5700E84BB8 /* ForeksTraderCodeCase.app */,
			);
			name = Products;
			sourceTree = "<group>";
		};
		1E07E408294E0E5700E84BB8 /* ForeksTraderCodeCase */ = {
			isa = PBXGroup;
			children = (
				1E07E409294E0E5700E84BB8 /* AppDelegate.swift */,
				1E07E40B294E0E5700E84BB8 /* SceneDelegate.swift */,
				1E07E40D294E0E5700E84BB8 /* ViewController.swift */,
				1E07E43E294E13B400E84BB8 /* Utils */,
				1E07E41E294E0ED600E84BB8 /* DataOps */,
				1E07E41D294E0ED200E84BB8 /* Scenes */,
				1E07E412294E0E5800E84BB8 /* Assets.xcassets */,
				1E07E414294E0E5800E84BB8 /* LaunchScreen.storyboard */,
				1E07E417294E0E5800E84BB8 /* Info.plist */,
			);
			path = ForeksTraderCodeCase;
			sourceTree = "<group>";
		};
		1E07E41D294E0ED200E84BB8 /* Scenes */ = {
			isa = PBXGroup;
			children = (
				1E07E451294F459C00E84BB8 /* DataFormatter */,
				1E07E430294E10F900E84BB8 /* Builder */,
				1E07E42D294E10C000E84BB8 /* ViewModel */,
				1E07E42A294E10A700E84BB8 /* View */,
			);
			path = Scenes;
			sourceTree = "<group>";
		};
		1E07E41E294E0ED600E84BB8 /* DataOps */ = {
			isa = PBXGroup;
			children = (
				1E07E436294E12D000E84BB8 /* Models */,
				1E07E433294E125B00E84BB8 /* Services */,
			);
			path = DataOps;
			sourceTree = "<group>";
		};
		1E07E425294E103C00E84BB8 /* Frameworks */ = {
			isa = PBXGroup;
			children = (
			);
			name = Frameworks;
			sourceTree = "<group>";
		};
		1E07E42A294E10A700E84BB8 /* View */ = {
			isa = PBXGroup;
			children = (
				1E07E445294E1B7D00E84BB8 /* Components */,
				1E07E42B294E10BD00E84BB8 /* StockViewController.swift */,
			);
			path = View;
			sourceTree = "<group>";
		};
		1E07E42D294E10C000E84BB8 /* ViewModel */ = {
			isa = PBXGroup;
			children = (
				1E07E42E294E10CA00E84BB8 /* StockViewModel.swift */,
			);
			path = ViewModel;
			sourceTree = "<group>";
		};
		1E07E430294E10F900E84BB8 /* Builder */ = {
			isa = PBXGroup;
			children = (
				1E07E431294E110200E84BB8 /* StockViewBuilder.swift */,
			);
			path = Builder;
			sourceTree = "<group>";
		};
		1E07E433294E125B00E84BB8 /* Services */ = {
			isa = PBXGroup;
			children = (
				1E07E434294E126400E84BB8 /* SettingsServiceProvider.swift */,
				1E07E44D294F42C100E84BB8 /* StockServiceProvider.swift */,
			);
			path = Services;
			sourceTree = "<group>";
		};
		1E07E436294E12D000E84BB8 /* Models */ = {
			isa = PBXGroup;
			children = (
				1E07E43A294E12EA00E84BB8 /* RequestModels */,
				1E07E439294E12E300E84BB8 /* ResponseModels */,
			);
			path = Models;
			sourceTree = "<group>";
		};
		1E07E439294E12E300E84BB8 /* ResponseModels */ = {
			isa = PBXGroup;
			children = (
				1E07E437294E12DE00E84BB8 /* PageSettingsResponseModel.swift */,
				1E07E44F294F440E00E84BB8 /* StockResponseModel.swift */,
			);
			path = ResponseModels;
			sourceTree = "<group>";
		};
		1E07E43A294E12EA00E84BB8 /* RequestModels */ = {
			isa = PBXGroup;
			children = (
				1E07E43C294E133F00E84BB8 /* EmptyRequestModel.swift */,
				1E07E44B294F41E000E84BB8 /* StockRequestModel.swift */,
			);
			path = RequestModels;
			sourceTree = "<group>";
		};
		1E07E43E294E13B400E84BB8 /* Utils */ = {
			isa = PBXGroup;
			children = (
				1E72F398294FF6C800BF9B6F /* Extensions */,
				1E07E43F294E13BA00E84BB8 /* EndpointManager */,
			);
			path = Utils;
			sourceTree = "<group>";
		};
		1E07E43F294E13BA00E84BB8 /* EndpointManager */ = {
			isa = PBXGroup;
			children = (
				1E07E440294E13C400E84BB8 /* EndpointManager.swift */,
			);
			path = EndpointManager;
			sourceTree = "<group>";
		};
		1E07E445294E1B7D00E84BB8 /* Components */ = {
			isa = PBXGroup;
			children = (
				1E07E455294F508B00E84BB8 /* TableView */,
				1E07E454294F507D00E84BB8 /* CellView */,
			);
			path = Components;
			sourceTree = "<group>";
		};
		1E07E451294F459C00E84BB8 /* DataFormatter */ = {
			isa = PBXGroup;
			children = (
				1E07E452294F45A600E84BB8 /* DataFormatter.swift */,
			);
			path = DataFormatter;
			sourceTree = "<group>";
		};
		1E07E454294F507D00E84BB8 /* CellView */ = {
			isa = PBXGroup;
			children = (
				1EEB83D5294FAE1400E8C631 /* StocksHeaderComponent */,
				1E5F5B00294F8C59004C196B /* Cell */,
				1E5F5AFF294F8C4F004C196B /* StockRowComponent */,
			);
			path = CellView;
			sourceTree = "<group>";
		};
		1E07E455294F508B00E84BB8 /* TableView */ = {
			isa = PBXGroup;
			children = (
				1E07E456294F509400E84BB8 /* StocksTableView.swift */,
			);
			path = TableView;
			sourceTree = "<group>";
		};
		1E5F5AFF294F8C4F004C196B /* StockRowComponent */ = {
			isa = PBXGroup;
			children = (
				1E07E446294E1B8700E84BB8 /* StockRowView.swift */,
			);
			path = StockRowComponent;
			sourceTree = "<group>";
		};
		1E5F5B00294F8C59004C196B /* Cell */ = {
			isa = PBXGroup;
			children = (
				1E07E458294F513200E84BB8 /* StocksTableViewCell.swift */,
			);
			path = Cell;
			sourceTree = "<group>";
		};
		1E72F398294FF6C800BF9B6F /* Extensions */ = {
			isa = PBXGroup;
			children = (
				1E72F399294FF6D500BF9B6F /* TextFieldWithPadding.swift */,
			);
			path = Extensions;
			sourceTree = "<group>";
		};
		1EEB83D5294FAE1400E8C631 /* StocksHeaderComponent */ = {
			isa = PBXGroup;
			children = (
				1EEB83D6294FAE2200E8C631 /* StocksHeaderView.swift */,
			);
			path = StocksHeaderComponent;
			sourceTree = "<group>";
		};
/* End PBXGroup section */

/* Begin PBXNativeTarget section */
		1E07E405294E0E5700E84BB8 /* ForeksTraderCodeCase */ = {
			isa = PBXNativeTarget;
			buildConfigurationList = 1E07E41A294E0E5800E84BB8 /* Build configuration list for PBXNativeTarget "ForeksTraderCodeCase" */;
			buildPhases = (
				1E07E402294E0E5700E84BB8 /* Sources */,
				1E07E403294E0E5700E84BB8 /* Frameworks */,
				1E07E404294E0E5700E84BB8 /* Resources */,
			);
			buildRules = (
			);
			dependencies = (
			);
			name = ForeksTraderCodeCase;
			packageProductDependencies = (
				1E5F5B22294F97B6004C196B /* DefaultNetworkOperationPackage */,
				1E5F5B25294F97D2004C196B /* BaseComponents */,
			);
			productName = ForeksTraderCodeCase;
			productReference = 1E07E406294E0E5700E84BB8 /* ForeksTraderCodeCase.app */;
			productType = "com.apple.product-type.application";
		};
/* End PBXNativeTarget section */

/* Begin PBXProject section */
		1E07E3FE294E0E5700E84BB8 /* Project object */ = {
			isa = PBXProject;
			attributes = {
				BuildIndependentTargetsInParallel = 1;
				LastSwiftUpdateCheck = 1410;
				LastUpgradeCheck = 1410;
				TargetAttributes = {
					1E07E405294E0E5700E84BB8 = {
						CreatedOnToolsVersion = 14.1;
					};
				};
			};
			buildConfigurationList = 1E07E401294E0E5700E84BB8 /* Build configuration list for PBXProject "ForeksTraderCodeCase" */;
			compatibilityVersion = "Xcode 14.0";
			developmentRegion = en;
			hasScannedForEncodings = 0;
			knownRegions = (
				en,
				Base,
			);
			mainGroup = 1E07E3FD294E0E5700E84BB8;
			packageReferences = (
				1E5F5B21294F97B6004C196B /* XCRemoteSwiftPackageReference "DefaultNetworkOperationPackage" */,
				1E5F5B24294F97D2004C196B /* XCRemoteSwiftPackageReference "BaseComponents" */,
			);
			productRefGroup = 1E07E407294E0E5700E84BB8 /* Products */;
			projectDirPath = "";
			projectRoot = "";
			targets = (
				1E07E405294E0E5700E84BB8 /* ForeksTraderCodeCase */,
			);
		};
/* End PBXProject section */

/* Begin PBXResourcesBuildPhase section */
		1E07E404294E0E5700E84BB8 /* Resources */ = {
			isa = PBXResourcesBuildPhase;
			buildActionMask = 2147483647;
			files = (
				1E07E416294E0E5800E84BB8 /* LaunchScreen.storyboard in Resources */,
				1E07E413294E0E5800E84BB8 /* Assets.xcassets in Resources */,
			);
			runOnlyForDeploymentPostprocessing = 0;
		};
/* End PBXResourcesBuildPhase section */

/* Begin PBXSourcesBuildPhase section */
		1E07E402294E0E5700E84BB8 /* Sources */ = {
			isa = PBXSourcesBuildPhase;
			buildActionMask = 2147483647;
			files = (
				1E72F39A294FF6D500BF9B6F /* TextFieldWithPadding.swift in Sources */,
				1E07E40E294E0E5700E84BB8 /* ViewController.swift in Sources */,
				1E07E42F294E10CA00E84BB8 /* StockViewModel.swift in Sources */,
				1E07E40A294E0E5700E84BB8 /* AppDelegate.swift in Sources */,
				1E07E44C294F41E000E84BB8 /* StockRequestModel.swift in Sources */,
				1E07E459294F513200E84BB8 /* StocksTableViewCell.swift in Sources */,
				1E07E40C294E0E5700E84BB8 /* SceneDelegate.swift in Sources */,
				1E07E441294E13C400E84BB8 /* EndpointManager.swift in Sources */,
				1E07E435294E126400E84BB8 /* SettingsServiceProvider.swift in Sources */,
				1EEB83D7294FAE2200E8C631 /* StocksHeaderView.swift in Sources */,
				1E07E447294E1B8700E84BB8 /* StockRowView.swift in Sources */,
				1E07E42C294E10BD00E84BB8 /* StockViewController.swift in Sources */,
				1E07E432294E110200E84BB8 /* StockViewBuilder.swift in Sources */,
				1E07E450294F440E00E84BB8 /* StockResponseModel.swift in Sources */,
				1E07E453294F45A600E84BB8 /* DataFormatter.swift in Sources */,
				1E07E44E294F42C100E84BB8 /* StockServiceProvider.swift in Sources */,
				1E07E457294F509400E84BB8 /* StocksTableView.swift in Sources */,
				1E07E43D294E133F00E84BB8 /* EmptyRequestModel.swift in Sources */,
				1E07E438294E12DE00E84BB8 /* PageSettingsResponseModel.swift in Sources */,
			);
			runOnlyForDeploymentPostprocessing = 0;
		};
/* End PBXSourcesBuildPhase section */

/* Begin PBXVariantGroup section */
		1E07E414294E0E5800E84BB8 /* LaunchScreen.storyboard */ = {
			isa = PBXVariantGroup;
			children = (
				1E07E415294E0E5800E84BB8 /* Base */,
			);
			name = LaunchScreen.storyboard;
			sourceTree = "<group>";
		};
/* End PBXVariantGroup section */

/* Begin XCBuildConfiguration section */
		1E07E418294E0E5800E84BB8 /* Debug */ = {
			isa = XCBuildConfiguration;
			buildSettings = {
				ALWAYS_SEARCH_USER_PATHS = NO;
				CLANG_ANALYZER_NONNULL = YES;
				CLANG_ANALYZER_NUMBER_OBJECT_CONVERSION = YES_AGGRESSIVE;
				CLANG_CXX_LANGUAGE_STANDARD = "gnu++20";
				CLANG_ENABLE_MODULES = YES;
				CLANG_ENABLE_OBJC_ARC = YES;
				CLANG_ENABLE_OBJC_WEAK = YES;
				CLANG_WARN_BLOCK_CAPTURE_AUTORELEASING = YES;
				CLANG_WARN_BOOL_CONVERSION = YES;
				CLANG_WARN_COMMA = YES;
				CLANG_WARN_CONSTANT_CONVERSION = YES;
				CLANG_WARN_DEPRECATED_OBJC_IMPLEMENTATIONS = YES;
				CLANG_WARN_DIRECT_OBJC_ISA_USAGE = YES_ERROR;
				CLANG_WARN_DOCUMENTATION_COMMENTS = YES;
				CLANG_WARN_EMPTY_BODY = YES;
				CLANG_WARN_ENUM_CONVERSION = YES;
				CLANG_WARN_INFINITE_RECURSION = YES;
				CLANG_WARN_INT_CONVERSION = YES;
				CLANG_WARN_NON_LITERAL_NULL_CONVERSION = YES;
				CLANG_WARN_OBJC_IMPLICIT_RETAIN_SELF = YES;
				CLANG_WARN_OBJC_LITERAL_CONVERSION = YES;
				CLANG_WARN_OBJC_ROOT_CLASS = YES_ERROR;
				CLANG_WARN_QUOTED_INCLUDE_IN_FRAMEWORK_HEADER = YES;
				CLANG_WARN_RANGE_LOOP_ANALYSIS = YES;
				CLANG_WARN_STRICT_PROTOTYPES = YES;
				CLANG_WARN_SUSPICIOUS_MOVE = YES;
				CLANG_WARN_UNGUARDED_AVAILABILITY = YES_AGGRESSIVE;
				CLANG_WARN_UNREACHABLE_CODE = YES;
				CLANG_WARN__DUPLICATE_METHOD_MATCH = YES;
				COPY_PHASE_STRIP = NO;
				DEBUG_INFORMATION_FORMAT = dwarf;
				ENABLE_STRICT_OBJC_MSGSEND = YES;
				ENABLE_TESTABILITY = YES;
				GCC_C_LANGUAGE_STANDARD = gnu11;
				GCC_DYNAMIC_NO_PIC = NO;
				GCC_NO_COMMON_BLOCKS = YES;
				GCC_OPTIMIZATION_LEVEL = 0;
				GCC_PREPROCESSOR_DEFINITIONS = (
					"DEBUG=1",
					"$(inherited)",
				);
				GCC_WARN_64_TO_32_BIT_CONVERSION = YES;
				GCC_WARN_ABOUT_RETURN_TYPE = YES_ERROR;
				GCC_WARN_UNDECLARED_SELECTOR = YES;
				GCC_WARN_UNINITIALIZED_AUTOS = YES_AGGRESSIVE;
				GCC_WARN_UNUSED_FUNCTION = YES;
				GCC_WARN_UNUSED_VARIABLE = YES;
				IPHONEOS_DEPLOYMENT_TARGET = 16.1;
				MTL_ENABLE_DEBUG_INFO = INCLUDE_SOURCE;
				MTL_FAST_MATH = YES;
				ONLY_ACTIVE_ARCH = YES;
				SDKROOT = iphoneos;
				SWIFT_ACTIVE_COMPILATION_CONDITIONS = DEBUG;
				SWIFT_OPTIMIZATION_LEVEL = "-Onone";
			};
			name = Debug;
		};
		1E07E419294E0E5800E84BB8 /* Release */ = {
			isa = XCBuildConfiguration;
			buildSettings = {
				ALWAYS_SEARCH_USER_PATHS = NO;
				CLANG_ANALYZER_NONNULL = YES;
				CLANG_ANALYZER_NUMBER_OBJECT_CONVERSION = YES_AGGRESSIVE;
				CLANG_CXX_LANGUAGE_STANDARD = "gnu++20";
				CLANG_ENABLE_MODULES = YES;
				CLANG_ENABLE_OBJC_ARC = YES;
				CLANG_ENABLE_OBJC_WEAK = YES;
				CLANG_WARN_BLOCK_CAPTURE_AUTORELEASING = YES;
				CLANG_WARN_BOOL_CONVERSION = YES;
				CLANG_WARN_COMMA = YES;
				CLANG_WARN_CONSTANT_CONVERSION = YES;
				CLANG_WARN_DEPRECATED_OBJC_IMPLEMENTATIONS = YES;
				CLANG_WARN_DIRECT_OBJC_ISA_USAGE = YES_ERROR;
				CLANG_WARN_DOCUMENTATION_COMMENTS = YES;
				CLANG_WARN_EMPTY_BODY = YES;
				CLANG_WARN_ENUM_CONVERSION = YES;
				CLANG_WARN_INFINITE_RECURSION = YES;
				CLANG_WARN_INT_CONVERSION = YES;
				CLANG_WARN_NON_LITERAL_NULL_CONVERSION = YES;
				CLANG_WARN_OBJC_IMPLICIT_RETAIN_SELF = YES;
				CLANG_WARN_OBJC_LITERAL_CONVERSION = YES;
				CLANG_WARN_OBJC_ROOT_CLASS = YES_ERROR;
				CLANG_WARN_QUOTED_INCLUDE_IN_FRAMEWORK_HEADER = YES;
				CLANG_WARN_RANGE_LOOP_ANALYSIS = YES;
				CLANG_WARN_STRICT_PROTOTYPES = YES;
				CLANG_WARN_SUSPICIOUS_MOVE = YES;
				CLANG_WARN_UNGUARDED_AVAILABILITY = YES_AGGRESSIVE;
				CLANG_WARN_UNREACHABLE_CODE = YES;
				CLANG_WARN__DUPLICATE_METHOD_MATCH = YES;
				COPY_PHASE_STRIP = NO;
				DEBUG_INFORMATION_FORMAT = "dwarf-with-dsym";
				ENABLE_NS_ASSERTIONS = NO;
				ENABLE_STRICT_OBJC_MSGSEND = YES;
				GCC_C_LANGUAGE_STANDARD = gnu11;
				GCC_NO_COMMON_BLOCKS = YES;
				GCC_WARN_64_TO_32_BIT_CONVERSION = YES;
				GCC_WARN_ABOUT_RETURN_TYPE = YES_ERROR;
				GCC_WARN_UNDECLARED_SELECTOR = YES;
				GCC_WARN_UNINITIALIZED_AUTOS = YES_AGGRESSIVE;
				GCC_WARN_UNUSED_FUNCTION = YES;
				GCC_WARN_UNUSED_VARIABLE = YES;
				IPHONEOS_DEPLOYMENT_TARGET = 16.1;
				MTL_ENABLE_DEBUG_INFO = NO;
				MTL_FAST_MATH = YES;
				SDKROOT = iphoneos;
				SWIFT_COMPILATION_MODE = wholemodule;
				SWIFT_OPTIMIZATION_LEVEL = "-O";
				VALIDATE_PRODUCT = YES;
			};
			name = Release;
		};
		1E07E41B294E0E5800E84BB8 /* Debug */ = {
			isa = XCBuildConfiguration;
			buildSettings = {
				ASSETCATALOG_COMPILER_APPICON_NAME = AppIcon;
				ASSETCATALOG_COMPILER_GLOBAL_ACCENT_COLOR_NAME = AccentColor;
				CODE_SIGN_STYLE = Automatic;
				CURRENT_PROJECT_VERSION = 1;
				DEVELOPMENT_TEAM = 7LSPRM5R8H;
				GENERATE_INFOPLIST_FILE = YES;
				INFOPLIST_FILE = ForeksTraderCodeCase/Info.plist;
				INFOPLIST_KEY_UIApplicationSupportsIndirectInputEvents = YES;
				INFOPLIST_KEY_UILaunchStoryboardName = LaunchScreen;
				INFOPLIST_KEY_UISupportedInterfaceOrientations = UIInterfaceOrientationPortrait;
				LD_RUNPATH_SEARCH_PATHS = (
					"$(inherited)",
					"@executable_path/Frameworks",
				);
				MARKETING_VERSION = 1.0;
				PRODUCT_BUNDLE_IDENTIFIER = com.dogukaank.ForeksTraderCodeCase;
				PRODUCT_NAME = "$(TARGET_NAME)";
				SUPPORTED_PLATFORMS = "iphoneos iphonesimulator";
				SUPPORTS_MACCATALYST = NO;
				SUPPORTS_MAC_DESIGNED_FOR_IPHONE_IPAD = NO;
				SWIFT_EMIT_LOC_STRINGS = YES;
				SWIFT_VERSION = 5.0;
				TARGETED_DEVICE_FAMILY = 1;
			};
			name = Debug;
		};
		1E07E41C294E0E5800E84BB8 /* Release */ = {
			isa = XCBuildConfiguration;
			buildSettings = {
				ASSETCATALOG_COMPILER_APPICON_NAME = AppIcon;
				ASSETCATALOG_COMPILER_GLOBAL_ACCENT_COLOR_NAME = AccentColor;
				CODE_SIGN_STYLE = Automatic;
				CURRENT_PROJECT_VERSION = 1;
				DEVELOPMENT_TEAM = 7LSPRM5R8H;
				GENERATE_INFOPLIST_FILE = YES;
				INFOPLIST_FILE = ForeksTraderCodeCase/Info.plist;
				INFOPLIST_KEY_UIApplicationSupportsIndirectInputEvents = YES;
				INFOPLIST_KEY_UILaunchStoryboardName = LaunchScreen;
				INFOPLIST_KEY_UISupportedInterfaceOrientations = UIInterfaceOrientationPortrait;
				LD_RUNPATH_SEARCH_PATHS = (
					"$(inherited)",
					"@executable_path/Frameworks",
				);
				MARKETING_VERSION = 1.0;
				PRODUCT_BUNDLE_IDENTIFIER = com.dogukaank.ForeksTraderCodeCase;
				PRODUCT_NAME = "$(TARGET_NAME)";
				SUPPORTED_PLATFORMS = "iphoneos iphonesimulator";
				SUPPORTS_MACCATALYST = NO;
				SUPPORTS_MAC_DESIGNED_FOR_IPHONE_IPAD = NO;
				SWIFT_EMIT_LOC_STRINGS = YES;
				SWIFT_VERSION = 5.0;
				TARGETED_DEVICE_FAMILY = 1;
			};
			name = Release;
		};
/* End XCBuildConfiguration section */

/* Begin XCConfigurationList section */
		1E07E401294E0E5700E84BB8 /* Build configuration list for PBXProject "ForeksTraderCodeCase" */ = {
			isa = XCConfigurationList;
			buildConfigurations = (
				1E07E418294E0E5800E84BB8 /* Debug */,
				1E07E419294E0E5800E84BB8 /* Release */,
			);
			defaultConfigurationIsVisible = 0;
			defaultConfigurationName = Release;
		};
		1E07E41A294E0E5800E84BB8 /* Build configuration list for PBXNativeTarget "ForeksTraderCodeCase" */ = {
			isa = XCConfigurationList;
			buildConfigurations = (
				1E07E41B294E0E5800E84BB8 /* Debug */,
				1E07E41C294E0E5800E84BB8 /* Release */,
			);
			defaultConfigurationIsVisible = 0;
			defaultConfigurationName = Release;
		};
/* End XCConfigurationList section */

/* Begin XCRemoteSwiftPackageReference section */
		1E5F5B21294F97B6004C196B /* XCRemoteSwiftPackageReference "DefaultNetworkOperationPackage" */ = {
			isa = XCRemoteSwiftPackageReference;
			repositoryURL = "https://github.com/darkbringer1/DefaultNetworkOperationPackage.git";
			requirement = {
				kind = upToNextMajorVersion;
				minimumVersion = 1.0.0;
			};
		};
		1E5F5B24294F97D2004C196B /* XCRemoteSwiftPackageReference "BaseComponents" */ = {
			isa = XCRemoteSwiftPackageReference;
			repositoryURL = "https://github.com/darkbringer1/BaseComponents.git";
			requirement = {
				kind = upToNextMajorVersion;
				minimumVersion = 2.0.0;
			};
		};
/* End XCRemoteSwiftPackageReference section */

/* Begin XCSwiftPackageProductDependency section */
		1E5F5B22294F97B6004C196B /* DefaultNetworkOperationPackage */ = {
			isa = XCSwiftPackageProductDependency;
			package = 1E5F5B21294F97B6004C196B /* XCRemoteSwiftPackageReference "DefaultNetworkOperationPackage" */;
			productName = DefaultNetworkOperationPackage;
		};
		1E5F5B25294F97D2004C196B /* BaseComponents */ = {
			isa = XCSwiftPackageProductDependency;
			package = 1E5F5B24294F97D2004C196B /* XCRemoteSwiftPackageReference "BaseComponents" */;
			productName = BaseComponents;
		};
/* End XCSwiftPackageProductDependency section */
	};
	rootObject = 1E07E3FE294E0E5700E84BB8 /* Project object */;
}
